// !$*UTF8*$!
{
	archiveVersion = 1;
	classes = {
	};
	objectVersion = 46;
	objects = {

/* Begin PBXBuildFile section */
		5508CF3B1C6A8BC100DFBCF2 /* AppDelegate.swift in Sources */ = {isa = PBXBuildFile; fileRef = 5508CF3A1C6A8BC100DFBCF2 /* AppDelegate.swift */; };
		5508CF3D1C6A8BC100DFBCF2 /* ViewController.swift in Sources */ = {isa = PBXBuildFile; fileRef = 5508CF3C1C6A8BC100DFBCF2 /* ViewController.swift */; };
		5508CF401C6A8BC100DFBCF2 /* Main.storyboard in Resources */ = {isa = PBXBuildFile; fileRef = 5508CF3E1C6A8BC100DFBCF2 /* Main.storyboard */; };
		5508CF421C6A8BC100DFBCF2 /* Assets.xcassets in Resources */ = {isa = PBXBuildFile; fileRef = 5508CF411C6A8BC100DFBCF2 /* Assets.xcassets */; };
		5508CF451C6A8BC100DFBCF2 /* LaunchScreen.storyboard in Resources */ = {isa = PBXBuildFile; fileRef = 5508CF431C6A8BC100DFBCF2 /* LaunchScreen.storyboard */; };
		555C42501C6B847A008F46B0 /* TableViewController.swift in Sources */ = {isa = PBXBuildFile; fileRef = 555C424F1C6B847A008F46B0 /* TableViewController.swift */; };
		555C42521C6B8933008F46B0 /* CoreLocation.framework in Frameworks */ = {isa = PBXBuildFile; fileRef = 555C42511C6B8933008F46B0 /* CoreLocation.framework */; };
/* End PBXBuildFile section */

/* Begin PBXFileReference section */
		5508CF371C6A8BC100DFBCF2 /* Memorable Places.app */ = {isa = PBXFileReference; explicitFileType = wrapper.application; includeInIndex = 0; path = "Memorable Places.app"; sourceTree = BUILT_PRODUCTS_DIR; };
		5508CF3A1C6A8BC100DFBCF2 /* AppDelegate.swift */ = {isa = PBXFileReference; lastKnownFileType = sourcecode.swift; path = AppDelegate.swift; sourceTree = "<group>"; };
		5508CF3C1C6A8BC100DFBCF2 /* ViewController.swift */ = {isa = PBXFileReference; lastKnownFileType = sourcecode.swift; path = ViewController.swift; sourceTree = "<group>"; };
		5508CF3F1C6A8BC100DFBCF2 /* Base */ = {isa = PBXFileReference; lastKnownFileType = file.storyboard; name = Base; path = Base.lproj/Main.storyboard; sourceTree = "<group>"; };
		5508CF411C6A8BC100DFBCF2 /* Assets.xcassets */ = {isa = PBXFileReference; lastKnownFileType = folder.assetcatalog; path = Assets.xcassets; sourceTree = "<group>"; };
		5508CF441C6A8BC100DFBCF2 /* Base */ = {isa = PBXFileReference; lastKnownFileType = file.storyboard; name = Base; path = Base.lproj/LaunchScreen.storyboard; sourceTree = "<group>"; };
		5508CF461C6A8BC100DFBCF2 /* Info.plist */ = {isa = PBXFileReference; lastKnownFileType = text.plist.xml; path = Info.plist; sourceTree = "<group>"; };
		555C424F1C6B847A008F46B0 /* TableViewController.swift */ = {isa = PBXFileReference; fileEncoding = 4; lastKnownFileType = sourcecode.swift; path = TableViewController.swift; sourceTree = "<group>"; };
		555C42511C6B8933008F46B0 /* CoreLocation.framework */ = {isa = PBXFileReference; lastKnownFileType = wrapper.framework; name = CoreLocation.framework; path = System/Library/Frameworks/CoreLocation.framework; sourceTree = SDKROOT; };
/* End PBXFileReference section */

/* Begin PBXFrameworksBuildPhase section */
		5508CF341C6A8BC100DFBCF2 /* Frameworks */ = {
			isa = PBXFrameworksBuildPhase;
			buildActionMask = 2147483647;
			files = (
				555C42521C6B8933008F46B0 /* CoreLocation.framework in Frameworks */,
			);
			runOnlyForDeploymentPostprocessing = 0;
		};
/* End PBXFrameworksBuildPhase section */

/* Begin PBXGroup section */
		5508CF2E1C6A8BC100DFBCF2 = {
			isa = PBXGroup;
			children = (
				555C42511C6B8933008F46B0 /* CoreLocation.framework */,
				5508CF391C6A8BC100DFBCF2 /* Memorable Places */,
				5508CF381C6A8BC100DFBCF2 /* Products */,
			);
			sourceTree = "<group>";
		};
		5508CF381C6A8BC100DFBCF2 /* Products */ = {
			isa = PBXGroup;
			children = (
				5508CF371C6A8BC100DFBCF2 /* Memorable Places.app */,
			);
			name = Products;
			sourceTree = "<group>";
		};
		5508CF391C6A8BC100DFBCF2 /* Memorable Places */ = {
			isa = PBXGroup;
			children = (
				5508CF3A1C6A8BC100DFBCF2 /* AppDelegate.swift */,
				5508CF3C1C6A8BC100DFBCF2 /* ViewController.swift */,
				5508CF3E1C6A8BC100DFBCF2 /* Main.storyboard */,
				555C424F1C6B847A008F46B0 /* TableViewController.swift */,
				5508CF411C6A8BC100DFBCF2 /* Assets.xcassets */,
				5508CF431C6A8BC100DFBCF2 /* LaunchScreen.storyboard */,
				5508CF461C6A8BC100DFBCF2 /* Info.plist */,
			);
			path = "Memorable Places";
			sourceTree = "<group>";
		};
/* End PBXGroup section */

/* Begin PBXNativeTarget section */
		5508CF361C6A8BC100DFBCF2 /* Memorable Places */ = {
			isa = PBXNativeTarget;
			buildConfigurationList = 5508CF491C6A8BC100DFBCF2 /* Build configuration list for PBXNativeTarget "Memorable Places" */;
			buildPhases = (
				5508CF331C6A8BC100DFBCF2 /* Sources */,
				5508CF341C6A8BC100DFBCF2 /* Frameworks */,
				5508CF351C6A8BC100DFBCF2 /* Resources */,
			);
			buildRules = (
			);
			dependencies = (
			);
			name = "Memorable Places";
			productName = "Memorable Places";
			productReference = 5508CF371C6A8BC100DFBCF2 /* Memorable Places.app */;
			productType = "com.apple.product-type.application";
		};
/* End PBXNativeTarget section */

/* Begin PBXProject section */
		5508CF2F1C6A8BC100DFBCF2 /* Project object */ = {
			isa = PBXProject;
			attributes = {
				LastSwiftUpdateCheck = 0720;
				LastUpgradeCheck = 0720;
				ORGANIZATIONNAME = "Lawrence Chen";
				TargetAttributes = {
					5508CF361C6A8BC100DFBCF2 = {
						CreatedOnToolsVersion = 7.2;
						DevelopmentTeam = 4R2V2CB5EK;
					};
				};
			};
			buildConfigurationList = 5508CF321C6A8BC100DFBCF2 /* Build configuration list for PBXProject "Memorable Places" */;
			compatibilityVersion = "Xcode 3.2";
			developmentRegion = English;
			hasScannedForEncodings = 0;
			knownRegions = (
				en,
				Base,
			);
			mainGroup = 5508CF2E1C6A8BC100DFBCF2;
			productRefGroup = 5508CF381C6A8BC100DFBCF2 /* Products */;
			projectDirPath = "";
			projectRoot = "";
			targets = (
				5508CF361C6A8BC100DFBCF2 /* Memorable Places */,
			);
		};
/* End PBXProject section */

/* Begin PBXResourcesBuildPhase section */
		5508CF351C6A8BC100DFBCF2 /* Resources */ = {
			isa = PBXResourcesBuildPhase;
			buildActionMask = 2147483647;
			files = (
				5508CF451C6A8BC100DFBCF2 /* LaunchScreen.storyboard in Resources */,
				5508CF421C6A8BC100DFBCF2 /* Assets.xcassets in Resources */,
				5508CF401C6A8BC100DFBCF2 /* Main.storyboard in Resources */,
			);
			runOnlyForDeploymentPostprocessing = 0;
		};
/* End PBXResourcesBuildPhase section */

/* Begin PBXSourcesBuildPhase section */
		5508CF331C6A8BC100DFBCF2 /* Sources */ = {
			isa = PBXSourcesBuildPhase;
			buildActionMask = 2147483647;
			files = (
				5508CF3D1C6A8BC100DFBCF2 /* ViewController.swift in Sources */,
				555C42501C6B847A008F46B0 /* TableViewController.swift in Sources */,
				5508CF3B1C6A8BC100DFBCF2 /* AppDelegate.swift in Sources */,
			);
			runOnlyForDeploymentPostprocessing = 0;
		};
/* End PBXSourcesBuildPhase section */

/* Begin PBXVariantGroup section */
		5508CF3E1C6A8BC100DFBCF2 /* Main.storyboard */ = {
			isa = PBXVariantGroup;
			children = (
				5508CF3F1C6A8BC100DFBCF2 /* Base */,
			);
			name = Main.storyboard;
			sourceTree = "<group>";
		};
		5508CF431C6A8BC100DFBCF2 /* LaunchScreen.storyboard */ = {
			isa = PBXVariantGroup;
			children = (
				5508CF441C6A8BC100DFBCF2 /* Base */,
			);
			name = LaunchScreen.storyboard;
			sourceTree = "<group>";
		};
/* End PBXVariantGroup section */

/* Begin XCBuildConfiguration section */
		5508CF471C6A8BC100DFBCF2 /* Debug */ = {
			isa = XCBuildConfiguration;
			buildSettings = {
				ALWAYS_SEARCH_USER_PATHS = NO;
				CLANG_CXX_LANGUAGE_STANDARD = "gnu++0x";
				CLANG_CXX_LIBRARY = "libc++";
				CLANG_ENABLE_MODULES = YES;
				CLANG_ENABLE_OBJC_ARC = YES;
				CLANG_WARN_BOOL_CONVERSION = YES;
				CLANG_WARN_CONSTANT_CONVERSION = YES;
				CLANG_WARN_DIRECT_OBJC_ISA_USAGE = YES_ERROR;
				CLANG_WARN_EMPTY_BODY = YES;
				CLANG_WARN_ENUM_CONVERSION = YES;
				CLANG_WARN_INT_CONVERSION = YES;
				CLANG_WARN_OBJC_ROOT_CLASS = YES_ERROR;
				CLANG_WARN_UNREACHABLE_CODE = YES;
				CLANG_WARN__DUPLICATE_METHOD_MATCH = YES;
				"CODE_SIGN_IDENTITY[sdk=iphoneos*]" = "iPhone Developer";
				COPY_PHASE_STRIP = NO;
				DEBUG_INFORMATION_FORMAT = dwarf;
				ENABLE_STRICT_OBJC_MSGSEND = YES;
				ENABLE_TESTABILITY = YES;
				GCC_C_LANGUAGE_STANDARD = gnu99;
				GCC_DYNAMIC_NO_PIC = NO;
				GCC_NO_COMMON_BLOCKS = YES;
				GCC_OPTIMIZATION_LEVEL = 0;
				GCC_PREPROCESSOR_DEFINITIONS = (
					"DEBUG=1",
					"$(inherited)",
				);
				GCC_WARN_64_TO_32_BIT_CONVERSION = YES;
				GCC_WARN_ABOUT_RETURN_TYPE = YES_ERROR;
				GCC_WARN_UNDECLARED_SELECTOR = YES;
				GCC_WARN_UNINITIALIZED_AUTOS = YES_AGGRESSIVE;
				GCC_WARN_UNUSED_FUNCTION = YES;
				GCC_WARN_UNUSED_VARIABLE = YES;
				IPHONEOS_DEPLOYMENT_TARGET = 9.2;
				MTL_ENABLE_DEBUG_INFO = YES;
				ONLY_ACTIVE_ARCH = YES;
				SDKROOT = iphoneos;
				SWIFT_OPTIMIZATION_LEVEL = "-Onone";
			};
			name = Debug;
		};
		5508CF481C6A8BC100DFBCF2 /* Release */ = {
			isa = XCBuildConfiguration;
			buildSettings = {
				ALWAYS_SEARCH_USER_PATHS = NO;
				CLANG_CXX_LANGUAGE_STANDARD = "gnu++0x";
				CLANG_CXX_LIBRARY = "libc++";
				CLANG_ENABLE_MODULES = YES;
				CLANG_ENABLE_OBJC_ARC = YES;
				CLANG_WARN_BOOL_CONVERSION = YES;
				CLANG_WARN_CONSTANT_CONVERSION = YES;
				CLANG_WARN_DIRECT_OBJC_ISA_USAGE = YES_ERROR;
				CLANG_WARN_EMPTY_BODY = YES;
				CLANG_WARN_ENUM_CONVERSION = YES;
				CLANG_WARN_INT_CONVERSION = YES;
				CLANG_WARN_OBJC_ROOT_CLASS = YES_ERROR;
				CLANG_WARN_UNREACHABLE_CODE = YES;
				CLANG_WARN__DUPLICATE_METHOD_MATCH = YES;
				"CODE_SIGN_IDENTITY[sdk=iphoneos*]" = "iPhone Developer";
				COPY_PHASE_STRIP = NO;
				DEBUG_INFORMATION_FORMAT = "dwarf-with-dsym";
				ENABLE_NS_ASSERTIONS = NO;
				ENABLE_STRICT_OBJC_MSGSEND = YES;
				GCC_C_LANGUAGE_STANDARD = gnu99;
				GCC_NO_COMMON_BLOCKS = YES;
				GCC_WARN_64_TO_32_BIT_CONVERSION = YES;
				GCC_WARN_ABOUT_RETURN_TYPE = YES_ERROR;
				GCC_WARN_UNDECLARED_SELECTOR = YES;
				GCC_WARN_UNINITIALIZED_AUTOS = YES_AGGRESSIVE;
				GCC_WARN_UNUSED_FUNCTION = YES;
				GCC_WARN_UNUSED_VARIABLE = YES;
				IPHONEOS_DEPLOYMENT_TARGET = 9.2;
				MTL_ENABLE_DEBUG_INFO = NO;
				SDKROOT = iphoneos;
				VALIDATE_PRODUCT = YES;
			};
			name = Release;
		};
		5508CF4A1C6A8BC100DFBCF2 /* Debug */ = {
			isa = XCBuildConfiguration;
			buildSettings = {
				ASSETCATALOG_COMPILER_APPICON_NAME = AppIcon;
				INFOPLIST_FILE = "Memorable Places/Info.plist";
				LD_RUNPATH_SEARCH_PATHS = "$(inherited) @executable_path/Frameworks";
				PRODUCT_BUNDLE_IDENTIFIER = "com.lchentheiv.Memorable-Places";
				PRODUCT_NAME = "$(TARGET_NAME)";
			};
			name = Debug;
		};
		5508CF4B1C6A8BC100DFBCF2 /* Release */ = {
			isa = XCBuildConfiguration;
			buildSettings = {
				ASSETCATALOG_COMPILER_APPICON_NAME = AppIcon;
				INFOPLIST_FILE = "Memorable Places/Info.plist";
				LD_RUNPATH_SEARCH_PATHS = "$(inherited) @executable_path/Frameworks";
				PRODUCT_BUNDLE_IDENTIFIER = "com.lchentheiv.Memorable-Places";
				PRODUCT_NAME = "$(TARGET_NAME)";
			};
			name = Release;
		};
/* End XCBuildConfiguration section */

/* Begin XCConfigurationList section */
		5508CF321C6A8BC100DFBCF2 /* Build configuration list for PBXProject "Memorable Places" */ = {
			isa = XCConfigurationList;
			buildConfigurations = (
				5508CF471C6A8BC100DFBCF2 /* Debug */,
				5508CF481C6A8BC100DFBCF2 /* Release */,
			);
			defaultConfigurationIsVisible = 0;
			defaultConfigurationName = Release;
		};
		5508CF491C6A8BC100DFBCF2 /* Build configuration list for PBXNativeTarget "Memorable Places" */ = {
			isa = XCConfigurationList;
			buildConfigurations = (
				5508CF4A1C6A8BC100DFBCF2 /* Debug */,
				5508CF4B1C6A8BC100DFBCF2 /* Release */,
			);
			defaultConfigurationIsVisible = 0;
			defaultConfigurationName = Release;
		};
/* End XCConfigurationList section */
	};
	rootObject = 5508CF2F1C6A8BC100DFBCF2 /* Project object */;
}
